// !$*UTF8*$!
{
	archiveVersion = 1;
	classes = {
	};
	objectVersion = 56;
	objects = {

/* Begin PBXBuildFile section */
		C37A04CA29A9FD0800507596 /* Tune8App.swift in Sources */ = {isa = PBXBuildFile; fileRef = C37A04C929A9FD0800507596 /* Tune8App.swift */; };
		C37A04CC29A9FD0800507596 /* ContentView.swift in Sources */ = {isa = PBXBuildFile; fileRef = C37A04CB29A9FD0800507596 /* ContentView.swift */; };
		C37A04CE29A9FD0A00507596 /* Assets.xcassets in Resources */ = {isa = PBXBuildFile; fileRef = C37A04CD29A9FD0A00507596 /* Assets.xcassets */; };
		C37A04D129A9FD0A00507596 /* Preview Assets.xcassets in Resources */ = {isa = PBXBuildFile; fileRef = C37A04D029A9FD0A00507596 /* Preview Assets.xcassets */; };
		C37A04DB29A9FD0A00507596 /* Tune8Tests.swift in Sources */ = {isa = PBXBuildFile; fileRef = C37A04DA29A9FD0A00507596 /* Tune8Tests.swift */; };
		C37A04E529A9FD0A00507596 /* Tune8UITests.swift in Sources */ = {isa = PBXBuildFile; fileRef = C37A04E429A9FD0A00507596 /* Tune8UITests.swift */; };
		C37A04E729A9FD0A00507596 /* Tune8UITestsLaunchTests.swift in Sources */ = {isa = PBXBuildFile; fileRef = C37A04E629A9FD0A00507596 /* Tune8UITestsLaunchTests.swift */; };
		C37A04F529A9FFDB00507596 /* Color.swift in Sources */ = {isa = PBXBuildFile; fileRef = C37A04F429A9FFDB00507596 /* Color.swift */; };
		C37A04FB29AA028C00507596 /* HomeView.swift in Sources */ = {isa = PBXBuildFile; fileRef = C37A04FA29AA028C00507596 /* HomeView.swift */; };
		C37A04FF29AA03EF00507596 /* CircleButtonView.swift in Sources */ = {isa = PBXBuildFile; fileRef = C37A04FE29AA03EF00507596 /* CircleButtonView.swift */; };
		C37A050129AA0FA200507596 /* CircleButtonAnimationView.swift in Sources */ = {isa = PBXBuildFile; fileRef = C37A050029AA0FA200507596 /* CircleButtonAnimationView.swift */; };
		C37A050729AA1DCF00507596 /* CoinModel.swift in Sources */ = {isa = PBXBuildFile; fileRef = C37A050629AA1DCF00507596 /* CoinModel.swift */; };
/* End PBXBuildFile section */

/* Begin PBXContainerItemProxy section */
		C37A04D729A9FD0A00507596 /* PBXContainerItemProxy */ = {
			isa = PBXContainerItemProxy;
			containerPortal = C37A04BE29A9FD0800507596 /* Project object */;
			proxyType = 1;
			remoteGlobalIDString = C37A04C529A9FD0800507596;
			remoteInfo = Tune8;
		};
		C37A04E129A9FD0A00507596 /* PBXContainerItemProxy */ = {
			isa = PBXContainerItemProxy;
			containerPortal = C37A04BE29A9FD0800507596 /* Project object */;
			proxyType = 1;
			remoteGlobalIDString = C37A04C529A9FD0800507596;
			remoteInfo = Tune8;
		};
/* End PBXContainerItemProxy section */

/* Begin PBXFileReference section */
		C37A04C629A9FD0800507596 /* Tune8.app */ = {isa = PBXFileReference; explicitFileType = wrapper.application; includeInIndex = 0; path = Tune8.app; sourceTree = BUILT_PRODUCTS_DIR; };
		C37A04C929A9FD0800507596 /* Tune8App.swift */ = {isa = PBXFileReference; lastKnownFileType = sourcecode.swift; path = Tune8App.swift; sourceTree = "<group>"; };
		C37A04CB29A9FD0800507596 /* ContentView.swift */ = {isa = PBXFileReference; lastKnownFileType = sourcecode.swift; path = ContentView.swift; sourceTree = "<group>"; };
		C37A04CD29A9FD0A00507596 /* Assets.xcassets */ = {isa = PBXFileReference; lastKnownFileType = folder.assetcatalog; path = Assets.xcassets; sourceTree = "<group>"; };
		C37A04D029A9FD0A00507596 /* Preview Assets.xcassets */ = {isa = PBXFileReference; lastKnownFileType = folder.assetcatalog; path = "Preview Assets.xcassets"; sourceTree = "<group>"; };
		C37A04D629A9FD0A00507596 /* Tune8Tests.xctest */ = {isa = PBXFileReference; explicitFileType = wrapper.cfbundle; includeInIndex = 0; path = Tune8Tests.xctest; sourceTree = BUILT_PRODUCTS_DIR; };
		C37A04DA29A9FD0A00507596 /* Tune8Tests.swift */ = {isa = PBXFileReference; lastKnownFileType = sourcecode.swift; path = Tune8Tests.swift; sourceTree = "<group>"; };
		C37A04E029A9FD0A00507596 /* Tune8UITests.xctest */ = {isa = PBXFileReference; explicitFileType = wrapper.cfbundle; includeInIndex = 0; path = Tune8UITests.xctest; sourceTree = BUILT_PRODUCTS_DIR; };
		C37A04E429A9FD0A00507596 /* Tune8UITests.swift */ = {isa = PBXFileReference; lastKnownFileType = sourcecode.swift; path = Tune8UITests.swift; sourceTree = "<group>"; };
		C37A04E629A9FD0A00507596 /* Tune8UITestsLaunchTests.swift */ = {isa = PBXFileReference; lastKnownFileType = sourcecode.swift; path = Tune8UITestsLaunchTests.swift; sourceTree = "<group>"; };
		C37A04F429A9FFDB00507596 /* Color.swift */ = {isa = PBXFileReference; lastKnownFileType = sourcecode.swift; path = Color.swift; sourceTree = "<group>"; };
		C37A04FA29AA028C00507596 /* HomeView.swift */ = {isa = PBXFileReference; lastKnownFileType = sourcecode.swift; path = HomeView.swift; sourceTree = "<group>"; };
		C37A04FE29AA03EF00507596 /* CircleButtonView.swift */ = {isa = PBXFileReference; lastKnownFileType = sourcecode.swift; path = CircleButtonView.swift; sourceTree = "<group>"; };
		C37A050029AA0FA200507596 /* CircleButtonAnimationView.swift */ = {isa = PBXFileReference; lastKnownFileType = sourcecode.swift; path = CircleButtonAnimationView.swift; sourceTree = "<group>"; };
		C37A050629AA1DCF00507596 /* CoinModel.swift */ = {isa = PBXFileReference; lastKnownFileType = sourcecode.swift; path = CoinModel.swift; sourceTree = "<group>"; };
/* End PBXFileReference section */

/* Begin PBXFrameworksBuildPhase section */
		C37A04C329A9FD0800507596 /* Frameworks */ = {
			isa = PBXFrameworksBuildPhase;
			buildActionMask = 2147483647;
			files = (
			);
			runOnlyForDeploymentPostprocessing = 0;
		};
		C37A04D329A9FD0A00507596 /* Frameworks */ = {
			isa = PBXFrameworksBuildPhase;
			buildActionMask = 2147483647;
			files = (
			);
			runOnlyForDeploymentPostprocessing = 0;
		};
		C37A04DD29A9FD0A00507596 /* Frameworks */ = {
			isa = PBXFrameworksBuildPhase;
			buildActionMask = 2147483647;
			files = (
			);
			runOnlyForDeploymentPostprocessing = 0;
		};
/* End PBXFrameworksBuildPhase section */

/* Begin PBXGroup section */
		C37A04BD29A9FD0800507596 = {
			isa = PBXGroup;
			children = (
				C37A04C829A9FD0800507596 /* Tune8 */,
				C37A04D929A9FD0A00507596 /* Tune8Tests */,
				C37A04E329A9FD0A00507596 /* Tune8UITests */,
				C37A04C729A9FD0800507596 /* Products */,
			);
			sourceTree = "<group>";
		};
		C37A04C729A9FD0800507596 /* Products */ = {
			isa = PBXGroup;
			children = (
				C37A04C629A9FD0800507596 /* Tune8.app */,
				C37A04D629A9FD0A00507596 /* Tune8Tests.xctest */,
				C37A04E029A9FD0A00507596 /* Tune8UITests.xctest */,
			);
			name = Products;
			sourceTree = "<group>";
		};
		C37A04C829A9FD0800507596 /* Tune8 */ = {
			isa = PBXGroup;
			children = (
				C37A050529AA1DBF00507596 /* Models */,
				C37A04F629AA025800507596 /* Core */,
				C37A04F329A9FFCC00507596 /* Extensions */,
				C37A04C929A9FD0800507596 /* Tune8App.swift */,
				C37A04CB29A9FD0800507596 /* ContentView.swift */,
				C37A04CD29A9FD0A00507596 /* Assets.xcassets */,
				C37A04CF29A9FD0A00507596 /* Preview Content */,
			);
			path = Tune8;
			sourceTree = "<group>";
		};
		C37A04CF29A9FD0A00507596 /* Preview Content */ = {
			isa = PBXGroup;
			children = (
				C37A04D029A9FD0A00507596 /* Preview Assets.xcassets */,
			);
			path = "Preview Content";
			sourceTree = "<group>";
		};
		C37A04D929A9FD0A00507596 /* Tune8Tests */ = {
			isa = PBXGroup;
			children = (
				C37A04DA29A9FD0A00507596 /* Tune8Tests.swift */,
			);
			path = Tune8Tests;
			sourceTree = "<group>";
		};
		C37A04E329A9FD0A00507596 /* Tune8UITests */ = {
			isa = PBXGroup;
			children = (
				C37A04E429A9FD0A00507596 /* Tune8UITests.swift */,
				C37A04E629A9FD0A00507596 /* Tune8UITestsLaunchTests.swift */,
			);
			path = Tune8UITests;
			sourceTree = "<group>";
		};
		C37A04F329A9FFCC00507596 /* Extensions */ = {
			isa = PBXGroup;
			children = (
				C37A04F429A9FFDB00507596 /* Color.swift */,
			);
			path = Extensions;
			sourceTree = "<group>";
		};
		C37A04F629AA025800507596 /* Core */ = {
			isa = PBXGroup;
			children = (
				C37A04FC29AA03CD00507596 /* Components */,
				C37A04F729AA026200507596 /* Home */,
			);
			path = Core;
			sourceTree = "<group>";
		};
		C37A04F729AA026200507596 /* Home */ = {
			isa = PBXGroup;
			children = (
				C37A04F929AA027400507596 /* ViewModels */,
				C37A04F829AA026D00507596 /* Views */,
			);
			path = Home;
			sourceTree = "<group>";
		};
		C37A04F829AA026D00507596 /* Views */ = {
			isa = PBXGroup;
			children = (
				C37A04FA29AA028C00507596 /* HomeView.swift */,
			);
			path = Views;
			sourceTree = "<group>";
		};
		C37A04F929AA027400507596 /* ViewModels */ = {
			isa = PBXGroup;
			children = (
			);
			path = ViewModels;
			sourceTree = "<group>";
		};
		C37A04FC29AA03CD00507596 /* Components */ = {
			isa = PBXGroup;
			children = (
				C37A04FD29AA03E100507596 /* CircleButton */,
			);
			path = Components;
			sourceTree = "<group>";
		};
		C37A04FD29AA03E100507596 /* CircleButton */ = {
			isa = PBXGroup;
			children = (
				C37A04FE29AA03EF00507596 /* CircleButtonView.swift */,
				C37A050029AA0FA200507596 /* CircleButtonAnimationView.swift */,
			);
			path = CircleButton;
			sourceTree = "<group>";
		};
		C37A050529AA1DBF00507596 /* Models */ = {
			isa = PBXGroup;
			children = (
				C37A050629AA1DCF00507596 /* CoinModel.swift */,
			);
			path = Models;
			sourceTree = "<group>";
		};
/* End PBXGroup section */

/* Begin PBXNativeTarget section */
		C37A04C529A9FD0800507596 /* Tune8 */ = {
			isa = PBXNativeTarget;
			buildConfigurationList = C37A04EA29A9FD0A00507596 /* Build configuration list for PBXNativeTarget "Tune8" */;
			buildPhases = (
				C37A04C229A9FD0800507596 /* Sources */,
				C37A04C329A9FD0800507596 /* Frameworks */,
				C37A04C429A9FD0800507596 /* Resources */,
			);
			buildRules = (
			);
			dependencies = (
			);
			name = Tune8;
			productName = Tune8;
			productReference = C37A04C629A9FD0800507596 /* Tune8.app */;
			productType = "com.apple.product-type.application";
		};
		C37A04D529A9FD0A00507596 /* Tune8Tests */ = {
			isa = PBXNativeTarget;
			buildConfigurationList = C37A04ED29A9FD0A00507596 /* Build configuration list for PBXNativeTarget "Tune8Tests" */;
			buildPhases = (
				C37A04D229A9FD0A00507596 /* Sources */,
				C37A04D329A9FD0A00507596 /* Frameworks */,
				C37A04D429A9FD0A00507596 /* Resources */,
			);
			buildRules = (
			);
			dependencies = (
				C37A04D829A9FD0A00507596 /* PBXTargetDependency */,
			);
			name = Tune8Tests;
			productName = Tune8Tests;
			productReference = C37A04D629A9FD0A00507596 /* Tune8Tests.xctest */;
			productType = "com.apple.product-type.bundle.unit-test";
		};
		C37A04DF29A9FD0A00507596 /* Tune8UITests */ = {
			isa = PBXNativeTarget;
			buildConfigurationList = C37A04F029A9FD0A00507596 /* Build configuration list for PBXNativeTarget "Tune8UITests" */;
			buildPhases = (
				C37A04DC29A9FD0A00507596 /* Sources */,
				C37A04DD29A9FD0A00507596 /* Frameworks */,
				C37A04DE29A9FD0A00507596 /* Resources */,
			);
			buildRules = (
			);
			dependencies = (
				C37A04E229A9FD0A00507596 /* PBXTargetDependency */,
			);
			name = Tune8UITests;
			productName = Tune8UITests;
			productReference = C37A04E029A9FD0A00507596 /* Tune8UITests.xctest */;
			productType = "com.apple.product-type.bundle.ui-testing";
		};
/* End PBXNativeTarget section */

/* Begin PBXProject section */
		C37A04BE29A9FD0800507596 /* Project object */ = {
			isa = PBXProject;
			attributes = {
				BuildIndependentTargetsInParallel = 1;
				LastSwiftUpdateCheck = 1420;
				LastUpgradeCheck = 1420;
				TargetAttributes = {
					C37A04C529A9FD0800507596 = {
						CreatedOnToolsVersion = 14.2;
					};
					C37A04D529A9FD0A00507596 = {
						CreatedOnToolsVersion = 14.2;
						TestTargetID = C37A04C529A9FD0800507596;
					};
					C37A04DF29A9FD0A00507596 = {
						CreatedOnToolsVersion = 14.2;
						TestTargetID = C37A04C529A9FD0800507596;
					};
				};
			};
			buildConfigurationList = C37A04C129A9FD0800507596 /* Build configuration list for PBXProject "Tune8" */;
			compatibilityVersion = "Xcode 14.0";
			developmentRegion = en;
			hasScannedForEncodings = 0;
			knownRegions = (
				en,
				Base,
			);
			mainGroup = C37A04BD29A9FD0800507596;
			productRefGroup = C37A04C729A9FD0800507596 /* Products */;
			projectDirPath = "";
			projectRoot = "";
			targets = (
				C37A04C529A9FD0800507596 /* Tune8 */,
				C37A04D529A9FD0A00507596 /* Tune8Tests */,
				C37A04DF29A9FD0A00507596 /* Tune8UITests */,
			);
		};
/* End PBXProject section */

/* Begin PBXResourcesBuildPhase section */
		C37A04C429A9FD0800507596 /* Resources */ = {
			isa = PBXResourcesBuildPhase;
			buildActionMask = 2147483647;
			files = (
				C37A04D129A9FD0A00507596 /* Preview Assets.xcassets in Resources */,
				C37A04CE29A9FD0A00507596 /* Assets.xcassets in Resources */,
			);
			runOnlyForDeploymentPostprocessing = 0;
		};
		C37A04D429A9FD0A00507596 /* Resources */ = {
			isa = PBXResourcesBuildPhase;
			buildActionMask = 2147483647;
			files = (
			);
			runOnlyForDeploymentPostprocessing = 0;
		};
		C37A04DE29A9FD0A00507596 /* Resources */ = {
			isa = PBXResourcesBuildPhase;
			buildActionMask = 2147483647;
			files = (
			);
			runOnlyForDeploymentPostprocessing = 0;
		};
/* End PBXResourcesBuildPhase section */

/* Begin PBXSourcesBuildPhase section */
		C37A04C229A9FD0800507596 /* Sources */ = {
			isa = PBXSourcesBuildPhase;
			buildActionMask = 2147483647;
			files = (
				C37A04CC29A9FD0800507596 /* ContentView.swift in Sources */,
				C37A04FB29AA028C00507596 /* HomeView.swift in Sources */,
				C37A04CA29A9FD0800507596 /* Tune8App.swift in Sources */,
				C37A04FF29AA03EF00507596 /* CircleButtonView.swift in Sources */,
				C37A04F529A9FFDB00507596 /* Color.swift in Sources */,
				C37A050129AA0FA200507596 /* CircleButtonAnimationView.swift in Sources */,
				C37A050729AA1DCF00507596 /* CoinModel.swift in Sources */,
			);
			runOnlyForDeploymentPostprocessing = 0;
		};
		C37A04D229A9FD0A00507596 /* Sources */ = {
			isa = PBXSourcesBuildPhase;
			buildActionMask = 2147483647;
			files = (
				C37A04DB29A9FD0A00507596 /* Tune8Tests.swift in Sources */,
			);
			runOnlyForDeploymentPostprocessing = 0;
		};
		C37A04DC29A9FD0A00507596 /* Sources */ = {
			isa = PBXSourcesBuildPhase;
			buildActionMask = 2147483647;
			files = (
				C37A04E529A9FD0A00507596 /* Tune8UITests.swift in Sources */,
				C37A04E729A9FD0A00507596 /* Tune8UITestsLaunchTests.swift in Sources */,
			);
			runOnlyForDeploymentPostprocessing = 0;
		};
/* End PBXSourcesBuildPhase section */

/* Begin PBXTargetDependency section */
		C37A04D829A9FD0A00507596 /* PBXTargetDependency */ = {
			isa = PBXTargetDependency;
			target = C37A04C529A9FD0800507596 /* Tune8 */;
			targetProxy = C37A04D729A9FD0A00507596 /* PBXContainerItemProxy */;
		};
		C37A04E229A9FD0A00507596 /* PBXTargetDependency */ = {
			isa = PBXTargetDependency;
			target = C37A04C529A9FD0800507596 /* Tune8 */;
			targetProxy = C37A04E129A9FD0A00507596 /* PBXContainerItemProxy */;
		};
/* End PBXTargetDependency section */

/* Begin XCBuildConfiguration section */
		C37A04E829A9FD0A00507596 /* Debug */ = {
			isa = XCBuildConfiguration;
			buildSettings = {
				ALWAYS_SEARCH_USER_PATHS = NO;
				CLANG_ANALYZER_NONNULL = YES;
				CLANG_ANALYZER_NUMBER_OBJECT_CONVERSION = YES_AGGRESSIVE;
				CLANG_CXX_LANGUAGE_STANDARD = "gnu++20";
				CLANG_ENABLE_MODULES = YES;
				CLANG_ENABLE_OBJC_ARC = YES;
				CLANG_ENABLE_OBJC_WEAK = YES;
				CLANG_WARN_BLOCK_CAPTURE_AUTORELEASING = YES;
				CLANG_WARN_BOOL_CONVERSION = YES;
				CLANG_WARN_COMMA = YES;
				CLANG_WARN_CONSTANT_CONVERSION = YES;
				CLANG_WARN_DEPRECATED_OBJC_IMPLEMENTATIONS = YES;
				CLANG_WARN_DIRECT_OBJC_ISA_USAGE = YES_ERROR;
				CLANG_WARN_DOCUMENTATION_COMMENTS = YES;
				CLANG_WARN_EMPTY_BODY = YES;
				CLANG_WARN_ENUM_CONVERSION = YES;
				CLANG_WARN_INFINITE_RECURSION = YES;
				CLANG_WARN_INT_CONVERSION = YES;
				CLANG_WARN_NON_LITERAL_NULL_CONVERSION = YES;
				CLANG_WARN_OBJC_IMPLICIT_RETAIN_SELF = YES;
				CLANG_WARN_OBJC_LITERAL_CONVERSION = YES;
				CLANG_WARN_OBJC_ROOT_CLASS = YES_ERROR;
				CLANG_WARN_QUOTED_INCLUDE_IN_FRAMEWORK_HEADER = YES;
				CLANG_WARN_RANGE_LOOP_ANALYSIS = YES;
				CLANG_WARN_STRICT_PROTOTYPES = YES;
				CLANG_WARN_SUSPICIOUS_MOVE = YES;
				CLANG_WARN_UNGUARDED_AVAILABILITY = YES_AGGRESSIVE;
				CLANG_WARN_UNREACHABLE_CODE = YES;
				CLANG_WARN__DUPLICATE_METHOD_MATCH = YES;
				COPY_PHASE_STRIP = NO;
				DEBUG_INFORMATION_FORMAT = dwarf;
				ENABLE_STRICT_OBJC_MSGSEND = YES;
				ENABLE_TESTABILITY = YES;
				GCC_C_LANGUAGE_STANDARD = gnu11;
				GCC_DYNAMIC_NO_PIC = NO;
				GCC_NO_COMMON_BLOCKS = YES;
				GCC_OPTIMIZATION_LEVEL = 0;
				GCC_PREPROCESSOR_DEFINITIONS = (
					"DEBUG=1",
					"$(inherited)",
				);
				GCC_WARN_64_TO_32_BIT_CONVERSION = YES;
				GCC_WARN_ABOUT_RETURN_TYPE = YES_ERROR;
				GCC_WARN_UNDECLARED_SELECTOR = YES;
				GCC_WARN_UNINITIALIZED_AUTOS = YES_AGGRESSIVE;
				GCC_WARN_UNUSED_FUNCTION = YES;
				GCC_WARN_UNUSED_VARIABLE = YES;
				IPHONEOS_DEPLOYMENT_TARGET = 16.2;
				MTL_ENABLE_DEBUG_INFO = INCLUDE_SOURCE;
				MTL_FAST_MATH = YES;
				ONLY_ACTIVE_ARCH = YES;
				SDKROOT = iphoneos;
				SWIFT_ACTIVE_COMPILATION_CONDITIONS = DEBUG;
				SWIFT_OPTIMIZATION_LEVEL = "-Onone";
			};
			name = Debug;
		};
		C37A04E929A9FD0A00507596 /* Release */ = {
			isa = XCBuildConfiguration;
			buildSettings = {
				ALWAYS_SEARCH_USER_PATHS = NO;
				CLANG_ANALYZER_NONNULL = YES;
				CLANG_ANALYZER_NUMBER_OBJECT_CONVERSION = YES_AGGRESSIVE;
				CLANG_CXX_LANGUAGE_STANDARD = "gnu++20";
				CLANG_ENABLE_MODULES = YES;
				CLANG_ENABLE_OBJC_ARC = YES;
				CLANG_ENABLE_OBJC_WEAK = YES;
				CLANG_WARN_BLOCK_CAPTURE_AUTORELEASING = YES;
				CLANG_WARN_BOOL_CONVERSION = YES;
				CLANG_WARN_COMMA = YES;
				CLANG_WARN_CONSTANT_CONVERSION = YES;
				CLANG_WARN_DEPRECATED_OBJC_IMPLEMENTATIONS = YES;
				CLANG_WARN_DIRECT_OBJC_ISA_USAGE = YES_ERROR;
				CLANG_WARN_DOCUMENTATION_COMMENTS = YES;
				CLANG_WARN_EMPTY_BODY = YES;
				CLANG_WARN_ENUM_CONVERSION = YES;
				CLANG_WARN_INFINITE_RECURSION = YES;
				CLANG_WARN_INT_CONVERSION = YES;
				CLANG_WARN_NON_LITERAL_NULL_CONVERSION = YES;
				CLANG_WARN_OBJC_IMPLICIT_RETAIN_SELF = YES;
				CLANG_WARN_OBJC_LITERAL_CONVERSION = YES;
				CLANG_WARN_OBJC_ROOT_CLASS = YES_ERROR;
				CLANG_WARN_QUOTED_INCLUDE_IN_FRAMEWORK_HEADER = YES;
				CLANG_WARN_RANGE_LOOP_ANALYSIS = YES;
				CLANG_WARN_STRICT_PROTOTYPES = YES;
				CLANG_WARN_SUSPICIOUS_MOVE = YES;
				CLANG_WARN_UNGUARDED_AVAILABILITY = YES_AGGRESSIVE;
				CLANG_WARN_UNREACHABLE_CODE = YES;
				CLANG_WARN__DUPLICATE_METHOD_MATCH = YES;
				COPY_PHASE_STRIP = NO;
				DEBUG_INFORMATION_FORMAT = "dwarf-with-dsym";
				ENABLE_NS_ASSERTIONS = NO;
				ENABLE_STRICT_OBJC_MSGSEND = YES;
				GCC_C_LANGUAGE_STANDARD = gnu11;
				GCC_NO_COMMON_BLOCKS = YES;
				GCC_WARN_64_TO_32_BIT_CONVERSION = YES;
				GCC_WARN_ABOUT_RETURN_TYPE = YES_ERROR;
				GCC_WARN_UNDECLARED_SELECTOR = YES;
				GCC_WARN_UNINITIALIZED_AUTOS = YES_AGGRESSIVE;
				GCC_WARN_UNUSED_FUNCTION = YES;
				GCC_WARN_UNUSED_VARIABLE = YES;
				IPHONEOS_DEPLOYMENT_TARGET = 16.2;
				MTL_ENABLE_DEBUG_INFO = NO;
				MTL_FAST_MATH = YES;
				SDKROOT = iphoneos;
				SWIFT_COMPILATION_MODE = wholemodule;
				SWIFT_OPTIMIZATION_LEVEL = "-O";
				VALIDATE_PRODUCT = YES;
			};
			name = Release;
		};
		C37A04EB29A9FD0A00507596 /* Debug */ = {
			isa = XCBuildConfiguration;
			buildSettings = {
				ASSETCATALOG_COMPILER_APPICON_NAME = AppIcon;
				ASSETCATALOG_COMPILER_GLOBAL_ACCENT_COLOR_NAME = AccentColor;
				CODE_SIGN_STYLE = Automatic;
				CURRENT_PROJECT_VERSION = 1;
				DEVELOPMENT_ASSET_PATHS = "\"Tune8/Preview Content\"";
				DEVELOPMENT_TEAM = B637BE2R39;
				ENABLE_PREVIEWS = YES;
				GENERATE_INFOPLIST_FILE = YES;
				INFOPLIST_KEY_UIApplicationSceneManifest_Generation = YES;
				INFOPLIST_KEY_UIApplicationSupportsIndirectInputEvents = YES;
				INFOPLIST_KEY_UILaunchScreen_Generation = YES;
				INFOPLIST_KEY_UISupportedInterfaceOrientations_iPad = "UIInterfaceOrientationPortrait UIInterfaceOrientationPortraitUpsideDown UIInterfaceOrientationLandscapeLeft UIInterfaceOrientationLandscapeRight";
				INFOPLIST_KEY_UISupportedInterfaceOrientations_iPhone = "UIInterfaceOrientationPortrait UIInterfaceOrientationLandscapeLeft UIInterfaceOrientationLandscapeRight";
				LD_RUNPATH_SEARCH_PATHS = (
					"$(inherited)",
					"@executable_path/Frameworks",
				);
				MARKETING_VERSION = 1.0;
				PRODUCT_BUNDLE_IDENTIFIER = com.woqomoqo.Tune8;
				PRODUCT_NAME = "$(TARGET_NAME)";
				SWIFT_EMIT_LOC_STRINGS = YES;
				SWIFT_VERSION = 5.0;
				TARGETED_DEVICE_FAMILY = "1,2";
			};
			name = Debug;
		};
		C37A04EC29A9FD0A00507596 /* Release */ = {
			isa = XCBuildConfiguration;
			buildSettings = {
				ASSETCATALOG_COMPILER_APPICON_NAME = AppIcon;
				ASSETCATALOG_COMPILER_GLOBAL_ACCENT_COLOR_NAME = AccentColor;
				CODE_SIGN_STYLE = Automatic;
				CURRENT_PROJECT_VERSION = 1;
				DEVELOPMENT_ASSET_PATHS = "\"Tune8/Preview Content\"";
				DEVELOPMENT_TEAM = B637BE2R39;
				ENABLE_PREVIEWS = YES;
				GENERATE_INFOPLIST_FILE = YES;
				INFOPLIST_KEY_UIApplicationSceneManifest_Generation = YES;
				INFOPLIST_KEY_UIApplicationSupportsIndirectInputEvents = YES;
				INFOPLIST_KEY_UILaunchScreen_Generation = YES;
				INFOPLIST_KEY_UISupportedInterfaceOrientations_iPad = "UIInterfaceOrientationPortrait UIInterfaceOrientationPortraitUpsideDown UIInterfaceOrientationLandscapeLeft UIInterfaceOrientationLandscapeRight";
				INFOPLIST_KEY_UISupportedInterfaceOrientations_iPhone = "UIInterfaceOrientationPortrait UIInterfaceOrientationLandscapeLeft UIInterfaceOrientationLandscapeRight";
				LD_RUNPATH_SEARCH_PATHS = (
					"$(inherited)",
					"@executable_path/Frameworks",
				);
				MARKETING_VERSION = 1.0;
				PRODUCT_BUNDLE_IDENTIFIER = com.woqomoqo.Tune8;
				PRODUCT_NAME = "$(TARGET_NAME)";
				SWIFT_EMIT_LOC_STRINGS = YES;
				SWIFT_VERSION = 5.0;
				TARGETED_DEVICE_FAMILY = "1,2";
			};
			name = Release;
		};
		C37A04EE29A9FD0A00507596 /* Debug */ = {
			isa = XCBuildConfiguration;
			buildSettings = {
				ALWAYS_EMBED_SWIFT_STANDARD_LIBRARIES = YES;
				BUNDLE_LOADER = "$(TEST_HOST)";
				CODE_SIGN_STYLE = Automatic;
				CURRENT_PROJECT_VERSION = 1;
				DEVELOPMENT_TEAM = B637BE2R39;
				GENERATE_INFOPLIST_FILE = YES;
				IPHONEOS_DEPLOYMENT_TARGET = 16.2;
				MARKETING_VERSION = 1.0;
				PRODUCT_BUNDLE_IDENTIFIER = com.woqomoqo.Tune8Tests;
				PRODUCT_NAME = "$(TARGET_NAME)";
				SWIFT_EMIT_LOC_STRINGS = NO;
				SWIFT_VERSION = 5.0;
				TARGETED_DEVICE_FAMILY = "1,2";
				TEST_HOST = "$(BUILT_PRODUCTS_DIR)/Tune8.app/$(BUNDLE_EXECUTABLE_FOLDER_PATH)/Tune8";
			};
			name = Debug;
		};
		C37A04EF29A9FD0A00507596 /* Release */ = {
			isa = XCBuildConfiguration;
			buildSettings = {
				ALWAYS_EMBED_SWIFT_STANDARD_LIBRARIES = YES;
				BUNDLE_LOADER = "$(TEST_HOST)";
				CODE_SIGN_STYLE = Automatic;
				CURRENT_PROJECT_VERSION = 1;
				DEVELOPMENT_TEAM = B637BE2R39;
				GENERATE_INFOPLIST_FILE = YES;
				IPHONEOS_DEPLOYMENT_TARGET = 16.2;
				MARKETING_VERSION = 1.0;
				PRODUCT_BUNDLE_IDENTIFIER = com.woqomoqo.Tune8Tests;
				PRODUCT_NAME = "$(TARGET_NAME)";
				SWIFT_EMIT_LOC_STRINGS = NO;
				SWIFT_VERSION = 5.0;
				TARGETED_DEVICE_FAMILY = "1,2";
				TEST_HOST = "$(BUILT_PRODUCTS_DIR)/Tune8.app/$(BUNDLE_EXECUTABLE_FOLDER_PATH)/Tune8";
			};
			name = Release;
		};
		C37A04F129A9FD0A00507596 /* Debug */ = {
			isa = XCBuildConfiguration;
			buildSettings = {
				ALWAYS_EMBED_SWIFT_STANDARD_LIBRARIES = YES;
				CODE_SIGN_STYLE = Automatic;
				CURRENT_PROJECT_VERSION = 1;
				DEVELOPMENT_TEAM = B637BE2R39;
				GENERATE_INFOPLIST_FILE = YES;
				MARKETING_VERSION = 1.0;
				PRODUCT_BUNDLE_IDENTIFIER = com.woqomoqo.Tune8UITests;
				PRODUCT_NAME = "$(TARGET_NAME)";
				SWIFT_EMIT_LOC_STRINGS = NO;
				SWIFT_VERSION = 5.0;
				TARGETED_DEVICE_FAMILY = "1,2";
				TEST_TARGET_NAME = Tune8;
			};
			name = Debug;
		};
		C37A04F229A9FD0A00507596 /* Release */ = {
			isa = XCBuildConfiguration;
			buildSettings = {
				ALWAYS_EMBED_SWIFT_STANDARD_LIBRARIES = YES;
				CODE_SIGN_STYLE = Automatic;
				CURRENT_PROJECT_VERSION = 1;
				DEVELOPMENT_TEAM = B637BE2R39;
				GENERATE_INFOPLIST_FILE = YES;
				MARKETING_VERSION = 1.0;
				PRODUCT_BUNDLE_IDENTIFIER = com.woqomoqo.Tune8UITests;
				PRODUCT_NAME = "$(TARGET_NAME)";
				SWIFT_EMIT_LOC_STRINGS = NO;
				SWIFT_VERSION = 5.0;
				TARGETED_DEVICE_FAMILY = "1,2";
				TEST_TARGET_NAME = Tune8;
			};
			name = Release;
		};
/* End XCBuildConfiguration section */

/* Begin XCConfigurationList section */
		C37A04C129A9FD0800507596 /* Build configuration list for PBXProject "Tune8" */ = {
			isa = XCConfigurationList;
			buildConfigurations = (
				C37A04E829A9FD0A00507596 /* Debug */,
				C37A04E929A9FD0A00507596 /* Release */,
			);
			defaultConfigurationIsVisible = 0;
			defaultConfigurationName = Release;
		};
		C37A04EA29A9FD0A00507596 /* Build configuration list for PBXNativeTarget "Tune8" */ = {
			isa = XCConfigurationList;
			buildConfigurations = (
				C37A04EB29A9FD0A00507596 /* Debug */,
				C37A04EC29A9FD0A00507596 /* Release */,
			);
			defaultConfigurationIsVisible = 0;
			defaultConfigurationName = Release;
		};
		C37A04ED29A9FD0A00507596 /* Build configuration list for PBXNativeTarget "Tune8Tests" */ = {
			isa = XCConfigurationList;
			buildConfigurations = (
				C37A04EE29A9FD0A00507596 /* Debug */,
				C37A04EF29A9FD0A00507596 /* Release */,
			);
			defaultConfigurationIsVisible = 0;
			defaultConfigurationName = Release;
		};
		C37A04F029A9FD0A00507596 /* Build configuration list for PBXNativeTarget "Tune8UITests" */ = {
			isa = XCConfigurationList;
			buildConfigurations = (
				C37A04F129A9FD0A00507596 /* Debug */,
				C37A04F229A9FD0A00507596 /* Release */,
			);
			defaultConfigurationIsVisible = 0;
			defaultConfigurationName = Release;
		};
/* End XCConfigurationList section */
	};
	rootObject = C37A04BE29A9FD0800507596 /* Project object */;
}
